
Microsoft Visual Studio Solution File, Format Version 12.00
# Visual Studio 15
VisualStudioVersion = 15.0.28307.705
MinimumVisualStudioVersion = 10.0.40219.1
Project("{FAE04EC0-301F-11D3-BF4B-00C04F79EFBC}") = "WF_OperationData_EF", "WF_OperationData_EF\WF_OperationData_EF.csproj", "{6C6A1ED7-6755-445A-A626-3E4C9C2A82A7}"
EndProject
Global
	GlobalSection(SolutionConfigurationPlatforms) = preSolution
		Debug|Any CPU = Debug|Any CPU
		Release|Any CPU = Release|Any CPU
	EndGlobalSection
	GlobalSection(ProjectConfigurationPlatforms) = postSolution
		{6C6A1ED7-6755-445A-A626-3E4C9C2A82A7}.Debug|Any CPU.ActiveCfg = Debug|Any CPU
		{6C6A1ED7-6755-445A-A626-3E4C9C2A82A7}.Debug|Any CPU.Build.0 = Debug|Any CPU
		{6C6A1ED7-6755-445A-A626-3E4C9C2A82A7}.Release|Any CPU.ActiveCfg = Release|Any CPU
		{6C6A1ED7-6755-445A-A626-3E4C9C2A82A7}.Release|Any CPU.Build.0 = Release|Any CPU
	EndGlobalSection
	GlobalSection(SolutionProperties) = preSolution
		HideSolutionNode = FALSE
	EndGlobalSection
	GlobalSection(ExtensibilityGlobals) = postSolution
		SolutionGuid = {66CB45FB-6C36-4EEE-870B-959FA96E8802}
	EndGlobalSection
EndGlobal
